// !$*UTF8*$!
{
	archiveVersion = 1;
	classes = {
	};
	objectVersion = 46;
	objects = {

/* Begin PBXBuildFile section */
		8CE0DF9651FBDA4C99FBCBCF /* Pods_iTax.framework in Frameworks */ = {isa = PBXBuildFile; fileRef = FAD4A2FBCAA5B86E10960DE8 /* Pods_iTax.framework */; };
		8E40876A1D0E0352002C32EB /* MainViewController.swift in Sources */ = {isa = PBXBuildFile; fileRef = 8E4087681D0E0352002C32EB /* MainViewController.swift */; };
		8E4087721D0E0772002C32EB /* InvoicesViewController.swift in Sources */ = {isa = PBXBuildFile; fileRef = 8E4087701D0E0772002C32EB /* InvoicesViewController.swift */; };
		8E70628A1D0E08B6005255F4 /* CustomersViewController.swift in Sources */ = {isa = PBXBuildFile; fileRef = 8E7062891D0E08B6005255F4 /* CustomersViewController.swift */; };
		8ED298EA1D0F37DD0002A084 /* AddInvoiceViewController.swift in Sources */ = {isa = PBXBuildFile; fileRef = 8ED298E91D0F37DD0002A084 /* AddInvoiceViewController.swift */; };
		8ED298ED1D0F42FE0002A084 /* InvoiceType.swift in Sources */ = {isa = PBXBuildFile; fileRef = 8ED298EC1D0F42FE0002A084 /* InvoiceType.swift */; };
		8EE21B881D0C79C900D55633 /* AppDelegate.swift in Sources */ = {isa = PBXBuildFile; fileRef = 8EE21B871D0C79C900D55633 /* AppDelegate.swift */; };
		8EE21B8D1D0C79C900D55633 /* iTax.xcdatamodeld in Sources */ = {isa = PBXBuildFile; fileRef = 8EE21B8B1D0C79C900D55633 /* iTax.xcdatamodeld */; };
		8EE21B8F1D0C79C900D55633 /* Assets.xcassets in Resources */ = {isa = PBXBuildFile; fileRef = 8EE21B8E1D0C79C900D55633 /* Assets.xcassets */; };
		8EE21B921D0C79C900D55633 /* Main.storyboard in Resources */ = {isa = PBXBuildFile; fileRef = 8EE21B901D0C79C900D55633 /* Main.storyboard */; };
		8EE21B9B1D0C909700D55633 /* Realm.framework in Frameworks */ = {isa = PBXBuildFile; fileRef = 8EE21B991D0C909700D55633 /* Realm.framework */; };
		8EE21B9C1D0C909700D55633 /* Realm.framework in Embed Frameworks */ = {isa = PBXBuildFile; fileRef = 8EE21B991D0C909700D55633 /* Realm.framework */; settings = {ATTRIBUTES = (CodeSignOnCopy, RemoveHeadersOnCopy, ); }; };
		8EE21B9D1D0C909700D55633 /* RealmSwift.framework in Frameworks */ = {isa = PBXBuildFile; fileRef = 8EE21B9A1D0C909700D55633 /* RealmSwift.framework */; };
		8EE21B9E1D0C909700D55633 /* RealmSwift.framework in Embed Frameworks */ = {isa = PBXBuildFile; fileRef = 8EE21B9A1D0C909700D55633 /* RealmSwift.framework */; settings = {ATTRIBUTES = (CodeSignOnCopy, RemoveHeadersOnCopy, ); }; };
		8EE21BA21D0C930400D55633 /* Company.swift in Sources */ = {isa = PBXBuildFile; fileRef = 8EE21BA11D0C930400D55633 /* Company.swift */; };
		8EE21BA41D0C97E000D55633 /* Email.swift in Sources */ = {isa = PBXBuildFile; fileRef = 8EE21BA31D0C97E000D55633 /* Email.swift */; };
		8EE21BAA1D0C9FB800D55633 /* Person.swift in Sources */ = {isa = PBXBuildFile; fileRef = 8EE21BA91D0C9FB800D55633 /* Person.swift */; };
		8EE21BAC1D0CA08E00D55633 /* Address.swift in Sources */ = {isa = PBXBuildFile; fileRef = 8EE21BAB1D0CA08E00D55633 /* Address.swift */; };
		8EE21BAE1D0CA18E00D55633 /* PhoneNumber.swift in Sources */ = {isa = PBXBuildFile; fileRef = 8EE21BAD1D0CA18E00D55633 /* PhoneNumber.swift */; };
		8EE21BB01D0CA30300D55633 /* Customer.swift in Sources */ = {isa = PBXBuildFile; fileRef = 8EE21BAF1D0CA30300D55633 /* Customer.swift */; };
		8EE21BB21D0CA3D900D55633 /* Employee.swift in Sources */ = {isa = PBXBuildFile; fileRef = 8EE21BB11D0CA3D900D55633 /* Employee.swift */; };
		8EE21BB41D0CA6E400D55633 /* PESEL.swift in Sources */ = {isa = PBXBuildFile; fileRef = 8EE21BB31D0CA6E400D55633 /* PESEL.swift */; };
		8EE21BB61D0CA70100D55633 /* NIP.swift in Sources */ = {isa = PBXBuildFile; fileRef = 8EE21BB51D0CA70100D55633 /* NIP.swift */; };
		8EE21BB81D0CA72E00D55633 /* IDNumber.swift in Sources */ = {isa = PBXBuildFile; fileRef = 8EE21BB71D0CA72E00D55633 /* IDNumber.swift */; };
		8EE290EF1D0CB78700F3D143 /* UserAccount.swift in Sources */ = {isa = PBXBuildFile; fileRef = 8EE290EE1D0CB78700F3D143 /* UserAccount.swift */; };
/* End PBXBuildFile section */

/* Begin PBXCopyFilesBuildPhase section */
		8EE21B9F1D0C909700D55633 /* Embed Frameworks */ = {
			isa = PBXCopyFilesBuildPhase;
			buildActionMask = 2147483647;
			dstPath = "";
			dstSubfolderSpec = 10;
			files = (
				8EE21B9E1D0C909700D55633 /* RealmSwift.framework in Embed Frameworks */,
				8EE21B9C1D0C909700D55633 /* Realm.framework in Embed Frameworks */,
			);
			name = "Embed Frameworks";
			runOnlyForDeploymentPostprocessing = 0;
		};
/* End PBXCopyFilesBuildPhase section */

/* Begin PBXFileReference section */
		212EC5C9CDF4D2EB0A247511 /* Pods-iTax.debug.xcconfig */ = {isa = PBXFileReference; includeInIndex = 1; lastKnownFileType = text.xcconfig; name = "Pods-iTax.debug.xcconfig"; path = "Pods/Target Support Files/Pods-iTax/Pods-iTax.debug.xcconfig"; sourceTree = "<group>"; };
		8E4087681D0E0352002C32EB /* MainViewController.swift */ = {isa = PBXFileReference; fileEncoding = 4; lastKnownFileType = sourcecode.swift; path = MainViewController.swift; sourceTree = "<group>"; };
		8E4087701D0E0772002C32EB /* InvoicesViewController.swift */ = {isa = PBXFileReference; fileEncoding = 4; lastKnownFileType = sourcecode.swift; path = InvoicesViewController.swift; sourceTree = "<group>"; };
		8E7062891D0E08B6005255F4 /* CustomersViewController.swift */ = {isa = PBXFileReference; fileEncoding = 4; lastKnownFileType = sourcecode.swift; path = CustomersViewController.swift; sourceTree = "<group>"; };
		8ED298E91D0F37DD0002A084 /* AddInvoiceViewController.swift */ = {isa = PBXFileReference; fileEncoding = 4; lastKnownFileType = sourcecode.swift; path = AddInvoiceViewController.swift; sourceTree = "<group>"; };
		8ED298EC1D0F42FE0002A084 /* InvoiceType.swift */ = {isa = PBXFileReference; fileEncoding = 4; lastKnownFileType = sourcecode.swift; path = InvoiceType.swift; sourceTree = "<group>"; };
		8EE21B841D0C79C900D55633 /* iTax.app */ = {isa = PBXFileReference; explicitFileType = wrapper.application; includeInIndex = 0; path = iTax.app; sourceTree = BUILT_PRODUCTS_DIR; };
		8EE21B871D0C79C900D55633 /* AppDelegate.swift */ = {isa = PBXFileReference; lastKnownFileType = sourcecode.swift; path = AppDelegate.swift; sourceTree = "<group>"; };
		8EE21B8C1D0C79C900D55633 /* iTax.xcdatamodel */ = {isa = PBXFileReference; lastKnownFileType = wrapper.xcdatamodel; path = iTax.xcdatamodel; sourceTree = "<group>"; };
		8EE21B8E1D0C79C900D55633 /* Assets.xcassets */ = {isa = PBXFileReference; lastKnownFileType = folder.assetcatalog; path = Assets.xcassets; sourceTree = "<group>"; };
		8EE21B911D0C79C900D55633 /* Base */ = {isa = PBXFileReference; lastKnownFileType = file.storyboard; name = Base; path = Base.lproj/Main.storyboard; sourceTree = "<group>"; };
		8EE21B931D0C79C900D55633 /* Info.plist */ = {isa = PBXFileReference; lastKnownFileType = text.plist.xml; path = Info.plist; sourceTree = "<group>"; };
		8EE21B991D0C909700D55633 /* Realm.framework */ = {isa = PBXFileReference; lastKnownFileType = wrapper.framework; path = Realm.framework; sourceTree = "<group>"; };
		8EE21B9A1D0C909700D55633 /* RealmSwift.framework */ = {isa = PBXFileReference; lastKnownFileType = wrapper.framework; path = RealmSwift.framework; sourceTree = "<group>"; };
		8EE21BA11D0C930400D55633 /* Company.swift */ = {isa = PBXFileReference; fileEncoding = 4; lastKnownFileType = sourcecode.swift; path = Company.swift; sourceTree = "<group>"; };
		8EE21BA31D0C97E000D55633 /* Email.swift */ = {isa = PBXFileReference; fileEncoding = 4; lastKnownFileType = sourcecode.swift; path = Email.swift; sourceTree = "<group>"; };
		8EE21BA91D0C9FB800D55633 /* Person.swift */ = {isa = PBXFileReference; fileEncoding = 4; lastKnownFileType = sourcecode.swift; path = Person.swift; sourceTree = "<group>"; };
		8EE21BAB1D0CA08E00D55633 /* Address.swift */ = {isa = PBXFileReference; fileEncoding = 4; lastKnownFileType = sourcecode.swift; path = Address.swift; sourceTree = "<group>"; };
		8EE21BAD1D0CA18E00D55633 /* PhoneNumber.swift */ = {isa = PBXFileReference; fileEncoding = 4; lastKnownFileType = sourcecode.swift; path = PhoneNumber.swift; sourceTree = "<group>"; };
		8EE21BAF1D0CA30300D55633 /* Customer.swift */ = {isa = PBXFileReference; fileEncoding = 4; lastKnownFileType = sourcecode.swift; path = Customer.swift; sourceTree = "<group>"; };
		8EE21BB11D0CA3D900D55633 /* Employee.swift */ = {isa = PBXFileReference; fileEncoding = 4; lastKnownFileType = sourcecode.swift; path = Employee.swift; sourceTree = "<group>"; };
		8EE21BB31D0CA6E400D55633 /* PESEL.swift */ = {isa = PBXFileReference; fileEncoding = 4; lastKnownFileType = sourcecode.swift; path = PESEL.swift; sourceTree = "<group>"; };
		8EE21BB51D0CA70100D55633 /* NIP.swift */ = {isa = PBXFileReference; fileEncoding = 4; lastKnownFileType = sourcecode.swift; path = NIP.swift; sourceTree = "<group>"; };
		8EE21BB71D0CA72E00D55633 /* IDNumber.swift */ = {isa = PBXFileReference; fileEncoding = 4; lastKnownFileType = sourcecode.swift; path = IDNumber.swift; sourceTree = "<group>"; };
		8EE290EE1D0CB78700F3D143 /* UserAccount.swift */ = {isa = PBXFileReference; fileEncoding = 4; lastKnownFileType = sourcecode.swift; path = UserAccount.swift; sourceTree = "<group>"; };
		AAF9DA23BB943C73474615F9 /* Pods-iTax.release.xcconfig */ = {isa = PBXFileReference; includeInIndex = 1; lastKnownFileType = text.xcconfig; name = "Pods-iTax.release.xcconfig"; path = "Pods/Target Support Files/Pods-iTax/Pods-iTax.release.xcconfig"; sourceTree = "<group>"; };
		FAD4A2FBCAA5B86E10960DE8 /* Pods_iTax.framework */ = {isa = PBXFileReference; explicitFileType = wrapper.framework; includeInIndex = 0; path = Pods_iTax.framework; sourceTree = BUILT_PRODUCTS_DIR; };
/* End PBXFileReference section */

/* Begin PBXFrameworksBuildPhase section */
		8EE21B811D0C79C900D55633 /* Frameworks */ = {
			isa = PBXFrameworksBuildPhase;
			buildActionMask = 2147483647;
			files = (
				8EE21B9D1D0C909700D55633 /* RealmSwift.framework in Frameworks */,
				8EE21B9B1D0C909700D55633 /* Realm.framework in Frameworks */,
				8CE0DF9651FBDA4C99FBCBCF /* Pods_iTax.framework in Frameworks */,
			);
			runOnlyForDeploymentPostprocessing = 0;
		};
/* End PBXFrameworksBuildPhase section */

/* Begin PBXGroup section */
		1CEB404669F4DA7332E8C9C0 /* Pods */ = {
			isa = PBXGroup;
			children = (
				212EC5C9CDF4D2EB0A247511 /* Pods-iTax.debug.xcconfig */,
				AAF9DA23BB943C73474615F9 /* Pods-iTax.release.xcconfig */,
			);
			name = Pods;
			sourceTree = "<group>";
		};
		8626436FB40F86CCE7EBC469 /* Frameworks */ = {
			isa = PBXGroup;
			children = (
				FAD4A2FBCAA5B86E10960DE8 /* Pods_iTax.framework */,
			);
			name = Frameworks;
			sourceTree = "<group>";
		};
		8ED298EB1D0F42EF0002A084 /* Helper */ = {
			isa = PBXGroup;
			children = (
				8ED298EC1D0F42FE0002A084 /* InvoiceType.swift */,
			);
			name = Helper;
			sourceTree = "<group>";
		};
		8EE21B7B1D0C79C800D55633 = {
			isa = PBXGroup;
			children = (
				8EE21B991D0C909700D55633 /* Realm.framework */,
				8EE21B9A1D0C909700D55633 /* RealmSwift.framework */,
				8EE21B861D0C79C900D55633 /* iTax */,
				8EE21B851D0C79C900D55633 /* Products */,
				1CEB404669F4DA7332E8C9C0 /* Pods */,
				8626436FB40F86CCE7EBC469 /* Frameworks */,
			);
			sourceTree = "<group>";
		};
		8EE21B851D0C79C900D55633 /* Products */ = {
			isa = PBXGroup;
			children = (
				8EE21B841D0C79C900D55633 /* iTax.app */,
			);
			name = Products;
			sourceTree = "<group>";
		};
		8EE21B861D0C79C900D55633 /* iTax */ = {
			isa = PBXGroup;
			children = (
				8ED298EB1D0F42EF0002A084 /* Helper */,
				8EE290F01D0CBD6900F3D143 /* Views */,
				8EE21BA01D0C92B600D55633 /* Models */,
				8EE21B871D0C79C900D55633 /* AppDelegate.swift */,
				8EE21B8E1D0C79C900D55633 /* Assets.xcassets */,
				8EE21B901D0C79C900D55633 /* Main.storyboard */,
				8EE21B931D0C79C900D55633 /* Info.plist */,
				8EE21B8B1D0C79C900D55633 /* iTax.xcdatamodeld */,
			);
			path = iTax;
			sourceTree = "<group>";
		};
		8EE21BA01D0C92B600D55633 /* Models */ = {
			isa = PBXGroup;
			children = (
				8EE21BA11D0C930400D55633 /* Company.swift */,
				8EE21BA31D0C97E000D55633 /* Email.swift */,
				8EE21BA91D0C9FB800D55633 /* Person.swift */,
				8EE21BAB1D0CA08E00D55633 /* Address.swift */,
				8EE21BAD1D0CA18E00D55633 /* PhoneNumber.swift */,
				8EE21BAF1D0CA30300D55633 /* Customer.swift */,
				8EE21BB11D0CA3D900D55633 /* Employee.swift */,
				8EE21BB31D0CA6E400D55633 /* PESEL.swift */,
				8EE21BB51D0CA70100D55633 /* NIP.swift */,
				8EE21BB71D0CA72E00D55633 /* IDNumber.swift */,
				8EE290EE1D0CB78700F3D143 /* UserAccount.swift */,
			);
			name = Models;
			sourceTree = "<group>";
		};
		8EE290F01D0CBD6900F3D143 /* Views */ = {
			isa = PBXGroup;
			children = (
				8E4087681D0E0352002C32EB /* MainViewController.swift */,
				8E4087701D0E0772002C32EB /* InvoicesViewController.swift */,
				8E7062891D0E08B6005255F4 /* CustomersViewController.swift */,
				8ED298E91D0F37DD0002A084 /* AddInvoiceViewController.swift */,
			);
			name = Views;
			sourceTree = "<group>";
		};
/* End PBXGroup section */

/* Begin PBXNativeTarget section */
		8EE21B831D0C79C900D55633 /* iTax */ = {
			isa = PBXNativeTarget;
			buildConfigurationList = 8EE21B961D0C79C900D55633 /* Build configuration list for PBXNativeTarget "iTax" */;
			buildPhases = (
				1EDF6D2CCF4F56C16C8C325B /* [CP] Check Pods Manifest.lock */,
				8EE21B801D0C79C900D55633 /* Sources */,
				8EE21B811D0C79C900D55633 /* Frameworks */,
				8EE21B821D0C79C900D55633 /* Resources */,
				8EE21B9F1D0C909700D55633 /* Embed Frameworks */,
				1ABCDE16C6F13BADDCFBCCD2 /* [CP] Embed Pods Frameworks */,
				B02778FCB25E47B4E20208C6 /* [CP] Copy Pods Resources */,
			);
			buildRules = (
			);
			dependencies = (
			);
			name = iTax;
			productName = iTax;
			productReference = 8EE21B841D0C79C900D55633 /* iTax.app */;
			productType = "com.apple.product-type.application";
		};
/* End PBXNativeTarget section */

/* Begin PBXProject section */
		8EE21B7C1D0C79C800D55633 /* Project object */ = {
			isa = PBXProject;
			attributes = {
				LastSwiftUpdateCheck = 0730;
				LastUpgradeCheck = 0730;
				ORGANIZATIONNAME = "Kamil Kowalski";
				TargetAttributes = {
					8EE21B831D0C79C900D55633 = {
						CreatedOnToolsVersion = 7.3.1;
					};
				};
			};
			buildConfigurationList = 8EE21B7F1D0C79C800D55633 /* Build configuration list for PBXProject "iTax" */;
			compatibilityVersion = "Xcode 3.2";
			developmentRegion = English;
			hasScannedForEncodings = 0;
			knownRegions = (
				en,
				Base,
			);
			mainGroup = 8EE21B7B1D0C79C800D55633;
			productRefGroup = 8EE21B851D0C79C900D55633 /* Products */;
			projectDirPath = "";
			projectRoot = "";
			targets = (
				8EE21B831D0C79C900D55633 /* iTax */,
			);
		};
/* End PBXProject section */

/* Begin PBXResourcesBuildPhase section */
		8EE21B821D0C79C900D55633 /* Resources */ = {
			isa = PBXResourcesBuildPhase;
			buildActionMask = 2147483647;
			files = (
				8EE21B8F1D0C79C900D55633 /* Assets.xcassets in Resources */,
				8EE21B921D0C79C900D55633 /* Main.storyboard in Resources */,
			);
			runOnlyForDeploymentPostprocessing = 0;
		};
/* End PBXResourcesBuildPhase section */

/* Begin PBXShellScriptBuildPhase section */
		1ABCDE16C6F13BADDCFBCCD2 /* [CP] Embed Pods Frameworks */ = {
			isa = PBXShellScriptBuildPhase;
			buildActionMask = 2147483647;
			files = (
			);
			inputPaths = (
			);
			name = "[CP] Embed Pods Frameworks";
			outputPaths = (
			);
			runOnlyForDeploymentPostprocessing = 0;
			shellPath = /bin/sh;
			shellScript = "\"${SRCROOT}/Pods/Target Support Files/Pods-iTax/Pods-iTax-frameworks.sh\"\n";
			showEnvVarsInLog = 0;
		};
		1EDF6D2CCF4F56C16C8C325B /* [CP] Check Pods Manifest.lock */ = {
			isa = PBXShellScriptBuildPhase;
			buildActionMask = 2147483647;
			files = (
			);
			inputPaths = (
			);
			name = "[CP] Check Pods Manifest.lock";
			outputPaths = (
			);
			runOnlyForDeploymentPostprocessing = 0;
			shellPath = /bin/sh;
			shellScript = "diff \"${PODS_ROOT}/../Podfile.lock\" \"${PODS_ROOT}/Manifest.lock\" > /dev/null\nif [[ $? != 0 ]] ; then\n    cat << EOM\nerror: The sandbox is not in sync with the Podfile.lock. Run 'pod install' or update your CocoaPods installation.\nEOM\n    exit 1\nfi\n";
			showEnvVarsInLog = 0;
		};
		B02778FCB25E47B4E20208C6 /* [CP] Copy Pods Resources */ = {
			isa = PBXShellScriptBuildPhase;
			buildActionMask = 2147483647;
			files = (
			);
			inputPaths = (
			);
			name = "[CP] Copy Pods Resources";
			outputPaths = (
			);
			runOnlyForDeploymentPostprocessing = 0;
			shellPath = /bin/sh;
			shellScript = "\"${SRCROOT}/Pods/Target Support Files/Pods-iTax/Pods-iTax-resources.sh\"\n";
			showEnvVarsInLog = 0;
		};
/* End PBXShellScriptBuildPhase section */

/* Begin PBXSourcesBuildPhase section */
		8EE21B801D0C79C900D55633 /* Sources */ = {
			isa = PBXSourcesBuildPhase;
			buildActionMask = 2147483647;
			files = (
				8E4087721D0E0772002C32EB /* InvoicesViewController.swift in Sources */,
				8EE21BA41D0C97E000D55633 /* Email.swift in Sources */,
				8EE21B881D0C79C900D55633 /* AppDelegate.swift in Sources */,
				8EE21BB21D0CA3D900D55633 /* Employee.swift in Sources */,
				8EE21BAA1D0C9FB800D55633 /* Person.swift in Sources */,
				8ED298ED1D0F42FE0002A084 /* InvoiceType.swift in Sources */,
				8EE21BB41D0CA6E400D55633 /* PESEL.swift in Sources */,
				8EE290EF1D0CB78700F3D143 /* UserAccount.swift in Sources */,
				8EE21B8D1D0C79C900D55633 /* iTax.xcdatamodeld in Sources */,
				8EE21BAC1D0CA08E00D55633 /* Address.swift in Sources */,
				8E40876A1D0E0352002C32EB /* MainViewController.swift in Sources */,
				8EE21BB01D0CA30300D55633 /* Customer.swift in Sources */,
				8EE21BA21D0C930400D55633 /* Company.swift in Sources */,
				8E70628A1D0E08B6005255F4 /* CustomersViewController.swift in Sources */,
				8EE21BAE1D0CA18E00D55633 /* PhoneNumber.swift in Sources */,
				8EE21BB81D0CA72E00D55633 /* IDNumber.swift in Sources */,
				8ED298EA1D0F37DD0002A084 /* AddInvoiceViewController.swift in Sources */,
				8EE21BB61D0CA70100D55633 /* NIP.swift in Sources */,
			);
			runOnlyForDeploymentPostprocessing = 0;
		};
/* End PBXSourcesBuildPhase section */

/* Begin PBXVariantGroup section */
		8EE21B901D0C79C900D55633 /* Main.storyboard */ = {
			isa = PBXVariantGroup;
			children = (
				8EE21B911D0C79C900D55633 /* Base */,
			);
			name = Main.storyboard;
			sourceTree = "<group>";
		};
/* End PBXVariantGroup section */

/* Begin XCBuildConfiguration section */
		8EE21B941D0C79C900D55633 /* Debug */ = {
			isa = XCBuildConfiguration;
			buildSettings = {
				ALWAYS_SEARCH_USER_PATHS = NO;
				CLANG_ANALYZER_NONNULL = YES;
				CLANG_CXX_LANGUAGE_STANDARD = "gnu++0x";
				CLANG_CXX_LIBRARY = "libc++";
				CLANG_ENABLE_MODULES = YES;
				CLANG_ENABLE_OBJC_ARC = YES;
				CLANG_WARN_BOOL_CONVERSION = YES;
				CLANG_WARN_CONSTANT_CONVERSION = YES;
				CLANG_WARN_DIRECT_OBJC_ISA_USAGE = YES_ERROR;
				CLANG_WARN_EMPTY_BODY = YES;
				CLANG_WARN_ENUM_CONVERSION = YES;
				CLANG_WARN_INT_CONVERSION = YES;
				CLANG_WARN_OBJC_ROOT_CLASS = YES_ERROR;
				CLANG_WARN_UNREACHABLE_CODE = YES;
				CLANG_WARN__DUPLICATE_METHOD_MATCH = YES;
				CODE_SIGN_IDENTITY = "-";
				COPY_PHASE_STRIP = NO;
				DEBUG_INFORMATION_FORMAT = dwarf;
				ENABLE_STRICT_OBJC_MSGSEND = YES;
				ENABLE_TESTABILITY = YES;
				GCC_C_LANGUAGE_STANDARD = gnu99;
				GCC_DYNAMIC_NO_PIC = NO;
				GCC_NO_COMMON_BLOCKS = YES;
				GCC_OPTIMIZATION_LEVEL = 0;
				GCC_PREPROCESSOR_DEFINITIONS = (
					"DEBUG=1",
					"$(inherited)",
				);
				GCC_WARN_64_TO_32_BIT_CONVERSION = YES;
				GCC_WARN_ABOUT_RETURN_TYPE = YES_ERROR;
				GCC_WARN_UNDECLARED_SELECTOR = YES;
				GCC_WARN_UNINITIALIZED_AUTOS = YES_AGGRESSIVE;
				GCC_WARN_UNUSED_FUNCTION = YES;
				GCC_WARN_UNUSED_VARIABLE = YES;
				MACOSX_DEPLOYMENT_TARGET = 10.11;
				MTL_ENABLE_DEBUG_INFO = YES;
				ONLY_ACTIVE_ARCH = YES;
				SDKROOT = macosx;
				SWIFT_OPTIMIZATION_LEVEL = "-Onone";
			};
			name = Debug;
		};
		8EE21B951D0C79C900D55633 /* Release */ = {
			isa = XCBuildConfiguration;
			buildSettings = {
				ALWAYS_SEARCH_USER_PATHS = NO;
				CLANG_ANALYZER_NONNULL = YES;
				CLANG_CXX_LANGUAGE_STANDARD = "gnu++0x";
				CLANG_CXX_LIBRARY = "libc++";
				CLANG_ENABLE_MODULES = YES;
				CLANG_ENABLE_OBJC_ARC = YES;
				CLANG_WARN_BOOL_CONVERSION = YES;
				CLANG_WARN_CONSTANT_CONVERSION = YES;
				CLANG_WARN_DIRECT_OBJC_ISA_USAGE = YES_ERROR;
				CLANG_WARN_EMPTY_BODY = YES;
				CLANG_WARN_ENUM_CONVERSION = YES;
				CLANG_WARN_INT_CONVERSION = YES;
				CLANG_WARN_OBJC_ROOT_CLASS = YES_ERROR;
				CLANG_WARN_UNREACHABLE_CODE = YES;
				CLANG_WARN__DUPLICATE_METHOD_MATCH = YES;
				CODE_SIGN_IDENTITY = "-";
				COPY_PHASE_STRIP = NO;
				DEBUG_INFORMATION_FORMAT = "dwarf-with-dsym";
				ENABLE_NS_ASSERTIONS = NO;
				ENABLE_STRICT_OBJC_MSGSEND = YES;
				GCC_C_LANGUAGE_STANDARD = gnu99;
				GCC_NO_COMMON_BLOCKS = YES;
				GCC_WARN_64_TO_32_BIT_CONVERSION = YES;
				GCC_WARN_ABOUT_RETURN_TYPE = YES_ERROR;
				GCC_WARN_UNDECLARED_SELECTOR = YES;
				GCC_WARN_UNINITIALIZED_AUTOS = YES_AGGRESSIVE;
				GCC_WARN_UNUSED_FUNCTION = YES;
				GCC_WARN_UNUSED_VARIABLE = YES;
				MACOSX_DEPLOYMENT_TARGET = 10.11;
				MTL_ENABLE_DEBUG_INFO = NO;
				SDKROOT = macosx;
			};
			name = Release;
		};
		8EE21B971D0C79C900D55633 /* Debug */ = {
			isa = XCBuildConfiguration;
			baseConfigurationReference = 212EC5C9CDF4D2EB0A247511 /* Pods-iTax.debug.xcconfig */;
			buildSettings = {
				ASSETCATALOG_COMPILER_APPICON_NAME = AppIcon;
				COMBINE_HIDPI_IMAGES = YES;
				FRAMEWORK_SEARCH_PATHS = (
					"$(inherited)",
					"$(PROJECT_DIR)",
				);
				INFOPLIST_FILE = iTax/Info.plist;
				LD_RUNPATH_SEARCH_PATHS = "$(inherited) @executable_path/../Frameworks";
				PRODUCT_BUNDLE_IDENTIFIER = pl.kamilkowalski.iTax;
				PRODUCT_NAME = "$(TARGET_NAME)";
			};
			name = Debug;
		};
		8EE21B981D0C79C900D55633 /* Release */ = {
			isa = XCBuildConfiguration;
			baseConfigurationReference = AAF9DA23BB943C73474615F9 /* Pods-iTax.release.xcconfig */;
			buildSettings = {
				ASSETCATALOG_COMPILER_APPICON_NAME = AppIcon;
				COMBINE_HIDPI_IMAGES = YES;
				FRAMEWORK_SEARCH_PATHS = (
					"$(inherited)",
					"$(PROJECT_DIR)",
				);
				INFOPLIST_FILE = iTax/Info.plist;
				LD_RUNPATH_SEARCH_PATHS = "$(inherited) @executable_path/../Frameworks";
				PRODUCT_BUNDLE_IDENTIFIER = pl.kamilkowalski.iTax;
				PRODUCT_NAME = "$(TARGET_NAME)";
			};
			name = Release;
		};
/* End XCBuildConfiguration section */

/* Begin XCConfigurationList section */
		8EE21B7F1D0C79C800D55633 /* Build configuration list for PBXProject "iTax" */ = {
			isa = XCConfigurationList;
			buildConfigurations = (
				8EE21B941D0C79C900D55633 /* Debug */,
				8EE21B951D0C79C900D55633 /* Release */,
			);
			defaultConfigurationIsVisible = 0;
			defaultConfigurationName = Release;
		};
		8EE21B961D0C79C900D55633 /* Build configuration list for PBXNativeTarget "iTax" */ = {
			isa = XCConfigurationList;
			buildConfigurations = (
				8EE21B971D0C79C900D55633 /* Debug */,
				8EE21B981D0C79C900D55633 /* Release */,
			);
			defaultConfigurationIsVisible = 0;
			defaultConfigurationName = Release;
		};
/* End XCConfigurationList section */

/* Begin XCVersionGroup section */
		8EE21B8B1D0C79C900D55633 /* iTax.xcdatamodeld */ = {
			isa = XCVersionGroup;
			children = (
				8EE21B8C1D0C79C900D55633 /* iTax.xcdatamodel */,
			);
			currentVersion = 8EE21B8C1D0C79C900D55633 /* iTax.xcdatamodel */;
			path = iTax.xcdatamodeld;
			sourceTree = "<group>";
			versionGroupType = wrapper.xcdatamodel;
		};
/* End XCVersionGroup section */
	};
	rootObject = 8EE21B7C1D0C79C800D55633 /* Project object */;
}
